
Microsoft Visual Studio Solution File, Format Version 9.00
# Visual Studio 2005
Project("{E24C65DC-7377-472B-9ABA-BC803B73C61A}") = "D:\...\JiaDianSH\", ".", "{B521E107-34B6-41A0-91A1-57A974C2AFDF}"
	ProjectSection(WebsiteProperties) = preProject
		Debug.AspNetCompiler.VirtualPath = "/JiaDianSH"
		Debug.AspNetCompiler.PhysicalPath = "..\JiaDianSH\"
		Debug.AspNetCompiler.TargetPath = "PrecompiledWeb\JiaDianSH\"
		Debug.AspNetCompiler.Updateable = "true"
		Debug.AspNetCompiler.ForceOverwrite = "true"
		Debug.AspNetCompiler.FixedNames = "false"
		Debug.AspNetCompiler.Debug = "True"
		Release.AspNetCompiler.VirtualPath = "/JiaDianSH"
		Release.AspNetCompiler.PhysicalPath = "..\JiaDianSH\"
		Release.AspNetCompiler.TargetPath = "PrecompiledWeb\JiaDianSH\"
		Release.AspNetCompiler.Updateable = "true"
		Release.AspNetCompiler.ForceOverwrite = "true"
		Release.AspNetCompiler.FixedNames = "false"
		Release.AspNetCompiler.Debug = "False"
		VWDPort = "51283"
		DefaultWebSiteLanguage = "Visual C#"
	EndProjectSection
EndProject
Global
	GlobalSection(SolutionConfigurationPlatforms) = preSolution
		Debug|.NET = Debug|.NET
	EndGlobalSection
	GlobalSection(ProjectConfigurationPlatforms) = postSolution
		{B521E107-34B6-41A0-91A1-57A974C2AFDF}.Debug|.NET.ActiveCfg = Debug|.NET
		{B521E107-34B6-41A0-91A1-57A974C2AFDF}.Debug|.NET.Build.0 = Debug|.NET
	EndGlobalSection
	GlobalSection(SolutionProperties) = preSolution
		HideSolutionNode = FALSE
	EndGlobalSection
EndGlobal
